
Microsoft Visual Studio Solution File, Format Version 12.00
# Visual Studio 2012
Project("{FAE04EC0-301F-11D3-BF4B-00C04F79EFBC}") = "Framework", "Framework\Framework.csproj", "{3E81A7B7-79A6-492E-B6C1-7BE4ED712054}"
EndProject
Project("{FAE04EC0-301F-11D3-BF4B-00C04F79EFBC}") = "DefaultParser", "DefaultParser\DefaultParser.csproj", "{7DADDB56-CBCC-476C-BEE3-75EE3CFFE7C4}"
EndProject
Project("{FAE04EC0-301F-11D3-BF4B-00C04F79EFBC}") = "Parser", "Parser\Parser.csproj", "{2670C840-696A-4154-83C6-6AE3F2E463C8}"
EndProject
Global
	GlobalSection(SolutionConfigurationPlatforms) = preSolution
		Debug|Any CPU = Debug|Any CPU
		Debug|Mixed Platforms = Debug|Mixed Platforms
		Debug|x86 = Debug|x86
		Release|Any CPU = Release|Any CPU
		Release|Mixed Platforms = Release|Mixed Platforms
		Release|x86 = Release|x86
	EndGlobalSection
	GlobalSection(ProjectConfigurationPlatforms) = postSolution
		{3E81A7B7-79A6-492E-B6C1-7BE4ED712054}.Debug|Any CPU.ActiveCfg = Debug|Any CPU
		{3E81A7B7-79A6-492E-B6C1-7BE4ED712054}.Debug|Any CPU.Build.0 = Debug|Any CPU
		{3E81A7B7-79A6-492E-B6C1-7BE4ED712054}.Debug|Mixed Platforms.ActiveCfg = Debug|Any CPU
		{3E81A7B7-79A6-492E-B6C1-7BE4ED712054}.Debug|Mixed Platforms.Build.0 = Debug|Any CPU
		{3E81A7B7-79A6-492E-B6C1-7BE4ED712054}.Debug|x86.ActiveCfg = Debug|Any CPU
		{3E81A7B7-79A6-492E-B6C1-7BE4ED712054}.Release|Any CPU.ActiveCfg = Release|Any CPU
		{3E81A7B7-79A6-492E-B6C1-7BE4ED712054}.Release|Any CPU.Build.0 = Release|Any CPU
		{3E81A7B7-79A6-492E-B6C1-7BE4ED712054}.Release|Mixed Platforms.ActiveCfg = Release|Any CPU
		{3E81A7B7-79A6-492E-B6C1-7BE4ED712054}.Release|Mixed Platforms.Build.0 = Release|Any CPU
		{3E81A7B7-79A6-492E-B6C1-7BE4ED712054}.Release|x86.ActiveCfg = Release|Any CPU
		{7DADDB56-CBCC-476C-BEE3-75EE3CFFE7C4}.Debug|Any CPU.ActiveCfg = Debug|Any CPU
		{7DADDB56-CBCC-476C-BEE3-75EE3CFFE7C4}.Debug|Any CPU.Build.0 = Debug|Any CPU
		{7DADDB56-CBCC-476C-BEE3-75EE3CFFE7C4}.Debug|Mixed Platforms.ActiveCfg = Debug|Any CPU
		{7DADDB56-CBCC-476C-BEE3-75EE3CFFE7C4}.Debug|Mixed Platforms.Build.0 = Debug|Any CPU
		{7DADDB56-CBCC-476C-BEE3-75EE3CFFE7C4}.Debug|x86.ActiveCfg = Debug|Any CPU
		{7DADDB56-CBCC-476C-BEE3-75EE3CFFE7C4}.Release|Any CPU.ActiveCfg = Release|Any CPU
		{7DADDB56-CBCC-476C-BEE3-75EE3CFFE7C4}.Release|Any CPU.Build.0 = Release|Any CPU
		{7DADDB56-CBCC-476C-BEE3-75EE3CFFE7C4}.Release|Mixed Platforms.ActiveCfg = Release|Any CPU
		{7DADDB56-CBCC-476C-BEE3-75EE3CFFE7C4}.Release|Mixed Platforms.Build.0 = Release|Any CPU
		{7DADDB56-CBCC-476C-BEE3-75EE3CFFE7C4}.Release|x86.ActiveCfg = Release|Any CPU
		{2670C840-696A-4154-83C6-6AE3F2E463C8}.Debug|Any CPU.ActiveCfg = Debug|Any CPU
		{2670C840-696A-4154-83C6-6AE3F2E463C8}.Debug|Any CPU.Build.0 = Debug|Any CPU
		{2670C840-696A-4154-83C6-6AE3F2E463C8}.Debug|Mixed Platforms.ActiveCfg = Debug|Any CPU
		{2670C840-696A-4154-83C6-6AE3F2E463C8}.Debug|Mixed Platforms.Build.0 = Debug|Any CPU
		{2670C840-696A-4154-83C6-6AE3F2E463C8}.Debug|x86.ActiveCfg = Debug|Any CPU
		{2670C840-696A-4154-83C6-6AE3F2E463C8}.Release|Any CPU.ActiveCfg = Release|Any CPU
		{2670C840-696A-4154-83C6-6AE3F2E463C8}.Release|Any CPU.Build.0 = Release|Any CPU
		{2670C840-696A-4154-83C6-6AE3F2E463C8}.Release|Mixed Platforms.ActiveCfg = Release|Any CPU
		{2670C840-696A-4154-83C6-6AE3F2E463C8}.Release|Mixed Platforms.Build.0 = Release|Any CPU
		{2670C840-696A-4154-83C6-6AE3F2E463C8}.Release|x86.ActiveCfg = Release|Any CPU
	EndGlobalSection
	GlobalSection(SolutionProperties) = preSolution
		HideSolutionNode = FALSE
	EndGlobalSection
EndGlobal
